
Microsoft Visual Studio Solution File, Format Version 12.00
# Visual Studio Version 17
VisualStudioVersion = 17.9.34723.18
MinimumVisualStudioVersion = 10.0.40219.1
Project("{FAE04EC0-301F-11D3-BF4B-00C04F79EFBC}") = "Dev_Lab3", "Dev_Lab3\Dev_Lab3.csproj", "{74AC5BB6-F4CD-43F6-AA7D-786A957B425C}"
EndProject
Global
	GlobalSection(SolutionConfigurationPlatforms) = preSolution
		Debug|Any CPU = Debug|Any CPU
		Release|Any CPU = Release|Any CPU
	EndGlobalSection
	GlobalSection(ProjectConfigurationPlatforms) = postSolution
		{74AC5BB6-F4CD-43F6-AA7D-786A957B425C}.Debug|Any CPU.ActiveCfg = Debug|Any CPU
		{74AC5BB6-F4CD-43F6-AA7D-786A957B425C}.Debug|Any CPU.Build.0 = Debug|Any CPU
		{74AC5BB6-F4CD-43F6-AA7D-786A957B425C}.Release|Any CPU.ActiveCfg = Release|Any CPU
		{74AC5BB6-F4CD-43F6-AA7D-786A957B425C}.Release|Any CPU.Build.0 = Release|Any CPU
	EndGlobalSection
	GlobalSection(SolutionProperties) = preSolution
		HideSolutionNode = FALSE
	EndGlobalSection
	GlobalSection(ExtensibilityGlobals) = postSolution
		SolutionGuid = {CB09D098-6699-4586-8885-DD8B7ADFD944}
	EndGlobalSection
EndGlobal
