
Microsoft Visual Studio Solution File, Format Version 12.00
# Visual Studio Version 17
VisualStudioVersion = 17.10.35027.167
MinimumVisualStudioVersion = 10.0.40219.1
Project("{FAE04EC0-301F-11D3-BF4B-00C04F79EFBC}") = "OOPTutorial", "OOPTutorial\OOPTutorial.csproj", "{172EE570-03C2-496A-9D4F-83111C4557D3}"
EndProject
Global
	GlobalSection(SolutionConfigurationPlatforms) = preSolution
		Debug|Any CPU = Debug|Any CPU
		Release|Any CPU = Release|Any CPU
	EndGlobalSection
	GlobalSection(ProjectConfigurationPlatforms) = postSolution
		{172EE570-03C2-496A-9D4F-83111C4557D3}.Debug|Any CPU.ActiveCfg = Debug|Any CPU
		{172EE570-03C2-496A-9D4F-83111C4557D3}.Debug|Any CPU.Build.0 = Debug|Any CPU
		{172EE570-03C2-496A-9D4F-83111C4557D3}.Release|Any CPU.ActiveCfg = Release|Any CPU
		{172EE570-03C2-496A-9D4F-83111C4557D3}.Release|Any CPU.Build.0 = Release|Any CPU
	EndGlobalSection
	GlobalSection(SolutionProperties) = preSolution
		HideSolutionNode = FALSE
	EndGlobalSection
	GlobalSection(ExtensibilityGlobals) = postSolution
		SolutionGuid = {AAA5397B-0469-4103-AAC5-0E87DAD3AF9F}
	EndGlobalSection
EndGlobal
