
Microsoft Visual Studio Solution File, Format Version 12.00
# Visual Studio Version 17
VisualStudioVersion = 17.10.35027.167
MinimumVisualStudioVersion = 10.0.40219.1
Project("{FAE04EC0-301F-11D3-BF4B-00C04F79EFBC}") = "abstrac", "abstrac\abstrac.csproj", "{BF9C16A7-443A-495A-9076-7989E05CF1B3}"
EndProject
Global
	GlobalSection(SolutionConfigurationPlatforms) = preSolution
		Debug|Any CPU = Debug|Any CPU
		Release|Any CPU = Release|Any CPU
	EndGlobalSection
	GlobalSection(ProjectConfigurationPlatforms) = postSolution
		{BF9C16A7-443A-495A-9076-7989E05CF1B3}.Debug|Any CPU.ActiveCfg = Debug|Any CPU
		{BF9C16A7-443A-495A-9076-7989E05CF1B3}.Debug|Any CPU.Build.0 = Debug|Any CPU
		{BF9C16A7-443A-495A-9076-7989E05CF1B3}.Release|Any CPU.ActiveCfg = Release|Any CPU
		{BF9C16A7-443A-495A-9076-7989E05CF1B3}.Release|Any CPU.Build.0 = Release|Any CPU
	EndGlobalSection
	GlobalSection(SolutionProperties) = preSolution
		HideSolutionNode = FALSE
	EndGlobalSection
	GlobalSection(ExtensibilityGlobals) = postSolution
		SolutionGuid = {955A474F-596B-4C2A-B404-CFDCA3894581}
	EndGlobalSection
EndGlobal
