
Microsoft Visual Studio Solution File, Format Version 12.00
# Visual Studio Version 17
VisualStudioVersion = 17.10.35027.167
MinimumVisualStudioVersion = 10.0.40219.1
Project("{FAE04EC0-301F-11D3-BF4B-00C04F79EFBC}") = "lap", "lap\lap.csproj", "{5BCB2993-C69D-45B4-8596-FE4E6318C1C5}"
EndProject
Global
	GlobalSection(SolutionConfigurationPlatforms) = preSolution
		Debug|Any CPU = Debug|Any CPU
		Release|Any CPU = Release|Any CPU
	EndGlobalSection
	GlobalSection(ProjectConfigurationPlatforms) = postSolution
		{5BCB2993-C69D-45B4-8596-FE4E6318C1C5}.Debug|Any CPU.ActiveCfg = Debug|Any CPU
		{5BCB2993-C69D-45B4-8596-FE4E6318C1C5}.Debug|Any CPU.Build.0 = Debug|Any CPU
		{5BCB2993-C69D-45B4-8596-FE4E6318C1C5}.Release|Any CPU.ActiveCfg = Release|Any CPU
		{5BCB2993-C69D-45B4-8596-FE4E6318C1C5}.Release|Any CPU.Build.0 = Release|Any CPU
	EndGlobalSection
	GlobalSection(SolutionProperties) = preSolution
		HideSolutionNode = FALSE
	EndGlobalSection
	GlobalSection(ExtensibilityGlobals) = postSolution
		SolutionGuid = {EDAE7010-728D-4C1F-B04E-F45339CCE805}
	EndGlobalSection
EndGlobal
