
Microsoft Visual Studio Solution File, Format Version 12.00
# Visual Studio Version 17
VisualStudioVersion = 17.9.34728.123
MinimumVisualStudioVersion = 10.0.40219.1
Project("{FAE04EC0-301F-11D3-BF4B-00C04F79EFBC}") = "Phase3_OOP_Turial", "Phase3_OOP_Turial\Phase3_OOP_Turial.csproj", "{1AAD8C23-8189-4CD7-9066-E9F5A89BFAD1}"
EndProject
Global
	GlobalSection(SolutionConfigurationPlatforms) = preSolution
		Debug|Any CPU = Debug|Any CPU
		Release|Any CPU = Release|Any CPU
	EndGlobalSection
	GlobalSection(ProjectConfigurationPlatforms) = postSolution
		{1AAD8C23-8189-4CD7-9066-E9F5A89BFAD1}.Debug|Any CPU.ActiveCfg = Debug|Any CPU
		{1AAD8C23-8189-4CD7-9066-E9F5A89BFAD1}.Debug|Any CPU.Build.0 = Debug|Any CPU
		{1AAD8C23-8189-4CD7-9066-E9F5A89BFAD1}.Release|Any CPU.ActiveCfg = Release|Any CPU
		{1AAD8C23-8189-4CD7-9066-E9F5A89BFAD1}.Release|Any CPU.Build.0 = Release|Any CPU
	EndGlobalSection
	GlobalSection(SolutionProperties) = preSolution
		HideSolutionNode = FALSE
	EndGlobalSection
	GlobalSection(ExtensibilityGlobals) = postSolution
		SolutionGuid = {84054934-013A-48E1-9799-A37286269E21}
	EndGlobalSection
EndGlobal
